hash: b13fe091fd189fc02cc265100c8dce3e931fa4b5c09878ea34c1b89e5d9419ac
updated: 2019-02-12T12:33:16.647403Z
imports:
- name: github.com/go-stack/stack
  version: 2fee6af1a9795aafbe0253a0cfbdf668e1fb8a9a
- name: github.com/mattn/go-colorable
  version: efa589957cd060542a26d2dd7832fd6a6c6c3ade
- name: github.com/mattn/go-isatty
  version: 3fb116b820352b7f0c281308a4d6250c22d94e27
- name: golang.org/x/sys
  version: 3b5209105503162ded1863c307ac66fec31120dd
  subpackages:
  - unix
- name: gopkg.in/inconshreveable/log15.v2
  version: 67afb5ed74ec82fd7ac8f49d27c509ac6f991970
testImports: []
